
Microsoft Visual Studio Solution File, Format Version 12.00
# Visual Studio Version 17
VisualStudioVersion = 17.3.32929.385
MinimumVisualStudioVersion = 10.0.40219.1
Project("{9A19103F-16F7-4668-BE54-9A1E7A4F7556}") = "Hpi_Test", "Hpi_Test.csproj", "{9919824A-AE4D-4DC2-ADCD-94A005BF80F7}"
EndProject
Global
	GlobalSection(SolutionConfigurationPlatforms) = preSolution
		Debug|Any CPU = Debug|Any CPU
		Release|Any CPU = Release|Any CPU
	EndGlobalSection
	GlobalSection(ProjectConfigurationPlatforms) = postSolution
		{9919824A-AE4D-4DC2-ADCD-94A005BF80F7}.Debug|Any CPU.ActiveCfg = Debug|Any CPU
		{9919824A-AE4D-4DC2-ADCD-94A005BF80F7}.Debug|Any CPU.Build.0 = Debug|Any CPU
		{9919824A-AE4D-4DC2-ADCD-94A005BF80F7}.Release|Any CPU.ActiveCfg = Release|Any CPU
		{9919824A-AE4D-4DC2-ADCD-94A005BF80F7}.Release|Any CPU.Build.0 = Release|Any CPU
	EndGlobalSection
	GlobalSection(SolutionProperties) = preSolution
		HideSolutionNode = FALSE
	EndGlobalSection
	GlobalSection(ExtensibilityGlobals) = postSolution
		SolutionGuid = {217C625E-0FCE-4000-B409-64D35A17CAF2}
	EndGlobalSection
EndGlobal
